
Microsoft Visual Studio Solution File, Format Version 12.00
# Visual Studio Version 16
VisualStudioVersion = 16.0.30413.136
MinimumVisualStudioVersion = 10.0.40219.1
Project("{FAE04EC0-301F-11D3-BF4B-00C04F79EFBC}") = "BL", "BL\BL.csproj", "{07C5F378-7CA8-45CB-A980-2F3A284B3729}"
EndProject
Project("{FAE04EC0-301F-11D3-BF4B-00C04F79EFBC}") = "DAL", "DAL\DAL.csproj", "{D15DC858-1BF0-48CA-AC23-C69386ACE485}"
EndProject
Project("{FAE04EC0-301F-11D3-BF4B-00C04F79EFBC}") = "API_Park", "API_Park\API_Park.csproj", "{3E449307-0667-4D81-9C50-C899AB48291B}"
EndProject
Project("{FAE04EC0-301F-11D3-BF4B-00C04F79EFBC}") = "DTO", "DTO\DTO.csproj", "{E06624FC-8206-42C7-B53C-E6C8E8722D57}"
EndProject
Global
	GlobalSection(SolutionConfigurationPlatforms) = preSolution
		Debug|Any CPU = Debug|Any CPU
		Release|Any CPU = Release|Any CPU
	EndGlobalSection
	GlobalSection(ProjectConfigurationPlatforms) = postSolution
		{07C5F378-7CA8-45CB-A980-2F3A284B3729}.Debug|Any CPU.ActiveCfg = Debug|Any CPU
		{07C5F378-7CA8-45CB-A980-2F3A284B3729}.Debug|Any CPU.Build.0 = Debug|Any CPU
		{07C5F378-7CA8-45CB-A980-2F3A284B3729}.Release|Any CPU.ActiveCfg = Release|Any CPU
		{07C5F378-7CA8-45CB-A980-2F3A284B3729}.Release|Any CPU.Build.0 = Release|Any CPU
		{D15DC858-1BF0-48CA-AC23-C69386ACE485}.Debug|Any CPU.ActiveCfg = Debug|Any CPU
		{D15DC858-1BF0-48CA-AC23-C69386ACE485}.Debug|Any CPU.Build.0 = Debug|Any CPU
		{D15DC858-1BF0-48CA-AC23-C69386ACE485}.Release|Any CPU.ActiveCfg = Release|Any CPU
		{D15DC858-1BF0-48CA-AC23-C69386ACE485}.Release|Any CPU.Build.0 = Release|Any CPU
		{3E449307-0667-4D81-9C50-C899AB48291B}.Debug|Any CPU.ActiveCfg = Debug|Any CPU
		{3E449307-0667-4D81-9C50-C899AB48291B}.Debug|Any CPU.Build.0 = Debug|Any CPU
		{3E449307-0667-4D81-9C50-C899AB48291B}.Release|Any CPU.ActiveCfg = Release|Any CPU
		{3E449307-0667-4D81-9C50-C899AB48291B}.Release|Any CPU.Build.0 = Release|Any CPU
		{E06624FC-8206-42C7-B53C-E6C8E8722D57}.Debug|Any CPU.ActiveCfg = Debug|Any CPU
		{E06624FC-8206-42C7-B53C-E6C8E8722D57}.Debug|Any CPU.Build.0 = Debug|Any CPU
		{E06624FC-8206-42C7-B53C-E6C8E8722D57}.Release|Any CPU.ActiveCfg = Release|Any CPU
		{E06624FC-8206-42C7-B53C-E6C8E8722D57}.Release|Any CPU.Build.0 = Release|Any CPU
	EndGlobalSection
	GlobalSection(SolutionProperties) = preSolution
		HideSolutionNode = FALSE
	EndGlobalSection
	GlobalSection(ExtensibilityGlobals) = postSolution
		SolutionGuid = {B8524151-D64E-4E4B-89A2-AF3D7CF5B356}
	EndGlobalSection
EndGlobal
